// !$*UTF8*$!
{
	archiveVersion = 1;
	classes = {
	};
	objectVersion = 46;
	objects = {

/* Begin PBXBuildFile section */
		ED3A55BD1BEA1197005C899C /* AppDelegate.swift in Sources */ = {isa = PBXBuildFile; fileRef = ED3A55BC1BEA1197005C899C /* AppDelegate.swift */; };
		ED3A55BF1BEA1197005C899C /* MasterViewController.swift in Sources */ = {isa = PBXBuildFile; fileRef = ED3A55BE1BEA1197005C899C /* MasterViewController.swift */; };
		ED3A55C11BEA1197005C899C /* DetailViewController.swift in Sources */ = {isa = PBXBuildFile; fileRef = ED3A55C01BEA1197005C899C /* DetailViewController.swift */; };
		ED3A55C41BEA1197005C899C /* Main.storyboard in Resources */ = {isa = PBXBuildFile; fileRef = ED3A55C21BEA1197005C899C /* Main.storyboard */; };
		ED3A55C61BEA1197005C899C /* Assets.xcassets in Resources */ = {isa = PBXBuildFile; fileRef = ED3A55C51BEA1197005C899C /* Assets.xcassets */; };
		ED3A55C91BEA1197005C899C /* LaunchScreen.storyboard in Resources */ = {isa = PBXBuildFile; fileRef = ED3A55C71BEA1197005C899C /* LaunchScreen.storyboard */; };
		ED3A55D41BEA1197005C899C /* TestTests.swift in Sources */ = {isa = PBXBuildFile; fileRef = ED3A55D31BEA1197005C899C /* TestTests.swift */; };
		ED3A55DF1BEA1197005C899C /* TestUITests.swift in Sources */ = {isa = PBXBuildFile; fileRef = ED3A55DE1BEA1197005C899C /* TestUITests.swift */; };
/* End PBXBuildFile section */

/* Begin PBXContainerItemProxy section */
		ED3A55D01BEA1197005C899C /* PBXContainerItemProxy */ = {
			isa = PBXContainerItemProxy;
			containerPortal = ED3A55B11BEA1197005C899C /* Project object */;
			proxyType = 1;
			remoteGlobalIDString = ED3A55B81BEA1197005C899C;
			remoteInfo = Test;
		};
		ED3A55DB1BEA1197005C899C /* PBXContainerItemProxy */ = {
			isa = PBXContainerItemProxy;
			containerPortal = ED3A55B11BEA1197005C899C /* Project object */;
			proxyType = 1;
			remoteGlobalIDString = ED3A55B81BEA1197005C899C;
			remoteInfo = Test;
		};
/* End PBXContainerItemProxy section */

/* Begin PBXFileReference section */
		ED3A55B91BEA1197005C899C /* Test.app */ = {isa = PBXFileReference; explicitFileType = wrapper.application; includeInIndex = 0; path = Test.app; sourceTree = BUILT_PRODUCTS_DIR; };
		ED3A55BC1BEA1197005C899C /* AppDelegate.swift */ = {isa = PBXFileReference; lastKnownFileType = sourcecode.swift; path = AppDelegate.swift; sourceTree = "<group>"; };
		ED3A55BE1BEA1197005C899C /* MasterViewController.swift */ = {isa = PBXFileReference; lastKnownFileType = sourcecode.swift; path = MasterViewController.swift; sourceTree = "<group>"; };
		ED3A55C01BEA1197005C899C /* DetailViewController.swift */ = {isa = PBXFileReference; lastKnownFileType = sourcecode.swift; path = DetailViewController.swift; sourceTree = "<group>"; };
		ED3A55C31BEA1197005C899C /* Base */ = {isa = PBXFileReference; lastKnownFileType = file.storyboard; name = Base; path = Base.lproj/Main.storyboard; sourceTree = "<group>"; };
		ED3A55C51BEA1197005C899C /* Assets.xcassets */ = {isa = PBXFileReference; lastKnownFileType = folder.assetcatalog; path = Assets.xcassets; sourceTree = "<group>"; };
		ED3A55C81BEA1197005C899C /* Base */ = {isa = PBXFileReference; lastKnownFileType = file.storyboard; name = Base; path = Base.lproj/LaunchScreen.storyboard; sourceTree = "<group>"; };
		ED3A55CA1BEA1197005C899C /* Info.plist */ = {isa = PBXFileReference; lastKnownFileType = text.plist.xml; path = Info.plist; sourceTree = "<group>"; };
		ED3A55CF1BEA1197005C899C /* TestTests.xctest */ = {isa = PBXFileReference; explicitFileType = wrapper.cfbundle; includeInIndex = 0; path = TestTests.xctest; sourceTree = BUILT_PRODUCTS_DIR; };
		ED3A55D31BEA1197005C899C /* TestTests.swift */ = {isa = PBXFileReference; lastKnownFileType = sourcecode.swift; path = TestTests.swift; sourceTree = "<group>"; };
		ED3A55D51BEA1197005C899C /* Info.plist */ = {isa = PBXFileReference; lastKnownFileType = text.plist.xml; path = Info.plist; sourceTree = "<group>"; };
		ED3A55DA1BEA1197005C899C /* TestUITests.xctest */ = {isa = PBXFileReference; explicitFileType = wrapper.cfbundle; includeInIndex = 0; path = TestUITests.xctest; sourceTree = BUILT_PRODUCTS_DIR; };
		ED3A55DE1BEA1197005C899C /* TestUITests.swift */ = {isa = PBXFileReference; lastKnownFileType = sourcecode.swift; path = TestUITests.swift; sourceTree = "<group>"; };
		ED3A55E01BEA1197005C899C /* Info.plist */ = {isa = PBXFileReference; lastKnownFileType = text.plist.xml; path = Info.plist; sourceTree = "<group>"; };
/* End PBXFileReference section */

/* Begin PBXFrameworksBuildPhase section */
		ED3A55B61BEA1197005C899C /* Frameworks */ = {
			isa = PBXFrameworksBuildPhase;
			buildActionMask = 2147483647;
			files = (
			);
			runOnlyForDeploymentPostprocessing = 0;
		};
		ED3A55CC1BEA1197005C899C /* Frameworks */ = {
			isa = PBXFrameworksBuildPhase;
			buildActionMask = 2147483647;
			files = (
			);
			runOnlyForDeploymentPostprocessing = 0;
		};
		ED3A55D71BEA1197005C899C /* Frameworks */ = {
			isa = PBXFrameworksBuildPhase;
			buildActionMask = 2147483647;
			files = (
			);
			runOnlyForDeploymentPostprocessing = 0;
		};
/* End PBXFrameworksBuildPhase section */

/* Begin PBXGroup section */
		ED3A55B01BEA1197005C899C = {
			isa = PBXGroup;
			children = (
				ED3A55BB1BEA1197005C899C /* Test */,
				ED3A55D21BEA1197005C899C /* TestTests */,
				ED3A55DD1BEA1197005C899C /* TestUITests */,
				ED3A55BA1BEA1197005C899C /* Products */,
			);
			sourceTree = "<group>";
		};
		ED3A55BA1BEA1197005C899C /* Products */ = {
			isa = PBXGroup;
			children = (
				ED3A55B91BEA1197005C899C /* Test.app */,
				ED3A55CF1BEA1197005C899C /* TestTests.xctest */,
				ED3A55DA1BEA1197005C899C /* TestUITests.xctest */,
			);
			name = Products;
			sourceTree = "<group>";
		};
		ED3A55BB1BEA1197005C899C /* Test */ = {
			isa = PBXGroup;
			children = (
				ED3A55BC1BEA1197005C899C /* AppDelegate.swift */,
				ED3A55BE1BEA1197005C899C /* MasterViewController.swift */,
				ED3A55C01BEA1197005C899C /* DetailViewController.swift */,
				ED3A55C21BEA1197005C899C /* Main.storyboard */,
				ED3A55C51BEA1197005C899C /* Assets.xcassets */,
				ED3A55C71BEA1197005C899C /* LaunchScreen.storyboard */,
				ED3A55CA1BEA1197005C899C /* Info.plist */,
			);
			path = Test;
			sourceTree = "<group>";
		};
		ED3A55D21BEA1197005C899C /* TestTests */ = {
			isa = PBXGroup;
			children = (
				ED3A55D31BEA1197005C899C /* TestTests.swift */,
				ED3A55D51BEA1197005C899C /* Info.plist */,
			);
			path = TestTests;
			sourceTree = "<group>";
		};
		ED3A55DD1BEA1197005C899C /* TestUITests */ = {
			isa = PBXGroup;
			children = (
				ED3A55DE1BEA1197005C899C /* TestUITests.swift */,
				ED3A55E01BEA1197005C899C /* Info.plist */,
			);
			path = TestUITests;
			sourceTree = "<group>";
		};
/* End PBXGroup section */

/* Begin PBXNativeTarget section */
		ED3A55B81BEA1197005C899C /* Test */ = {
			isa = PBXNativeTarget;
			buildConfigurationList = ED3A55E31BEA1197005C899C /* Build configuration list for PBXNativeTarget "Test" */;
			buildPhases = (
				ED3A55B51BEA1197005C899C /* Sources */,
				ED3A55B61BEA1197005C899C /* Frameworks */,
				ED3A55B71BEA1197005C899C /* Resources */,
			);
			buildRules = (
			);
			dependencies = (
			);
			name = Test;
			productName = Test;
			productReference = ED3A55B91BEA1197005C899C /* Test.app */;
			productType = "com.apple.product-type.application";
		};
		ED3A55CE1BEA1197005C899C /* TestTests */ = {
			isa = PBXNativeTarget;
			buildConfigurationList = ED3A55E61BEA1197005C899C /* Build configuration list for PBXNativeTarget "TestTests" */;
			buildPhases = (
				ED3A55CB1BEA1197005C899C /* Sources */,
				ED3A55CC1BEA1197005C899C /* Frameworks */,
				ED3A55CD1BEA1197005C899C /* Resources */,
			);
			buildRules = (
			);
			dependencies = (
				ED3A55D11BEA1197005C899C /* PBXTargetDependency */,
			);
			name = TestTests;
			productName = TestTests;
			productReference = ED3A55CF1BEA1197005C899C /* TestTests.xctest */;
			productType = "com.apple.product-type.bundle.unit-test";
		};
		ED3A55D91BEA1197005C899C /* TestUITests */ = {
			isa = PBXNativeTarget;
			buildConfigurationList = ED3A55E91BEA1197005C899C /* Build configuration list for PBXNativeTarget "TestUITests" */;
			buildPhases = (
				ED3A55D61BEA1197005C899C /* Sources */,
				ED3A55D71BEA1197005C899C /* Frameworks */,
				ED3A55D81BEA1197005C899C /* Resources */,
			);
			buildRules = (
			);
			dependencies = (
				ED3A55DC1BEA1197005C899C /* PBXTargetDependency */,
			);
			name = TestUITests;
			productName = TestUITests;
			productReference = ED3A55DA1BEA1197005C899C /* TestUITests.xctest */;
			productType = "com.apple.product-type.bundle.ui-testing";
		};
/* End PBXNativeTarget section */

/* Begin PBXProject section */
		ED3A55B11BEA1197005C899C /* Project object */ = {
			isa = PBXProject;
			attributes = {
				LastSwiftUpdateCheck = 0710;
				LastUpgradeCheck = 0710;
				ORGANIZATIONNAME = Team12;
				TargetAttributes = {
					ED3A55B81BEA1197005C899C = {
						CreatedOnToolsVersion = 7.1;
					};
					ED3A55CE1BEA1197005C899C = {
						CreatedOnToolsVersion = 7.1;
						TestTargetID = ED3A55B81BEA1197005C899C;
					};
					ED3A55D91BEA1197005C899C = {
						CreatedOnToolsVersion = 7.1;
						TestTargetID = ED3A55B81BEA1197005C899C;
					};
				};
			};
			buildConfigurationList = ED3A55B41BEA1197005C899C /* Build configuration list for PBXProject "Test" */;
			compatibilityVersion = "Xcode 3.2";
			developmentRegion = English;
			hasScannedForEncodings = 0;
			knownRegions = (
				en,
				Base,
			);
			mainGroup = ED3A55B01BEA1197005C899C;
			productRefGroup = ED3A55BA1BEA1197005C899C /* Products */;
			projectDirPath = "";
			projectRoot = "";
			targets = (
				ED3A55B81BEA1197005C899C /* Test */,
				ED3A55CE1BEA1197005C899C /* TestTests */,
				ED3A55D91BEA1197005C899C /* TestUITests */,
			);
		};
/* End PBXProject section */

/* Begin PBXResourcesBuildPhase section */
		ED3A55B71BEA1197005C899C /* Resources */ = {
			isa = PBXResourcesBuildPhase;
			buildActionMask = 2147483647;
			files = (
				ED3A55C91BEA1197005C899C /* LaunchScreen.storyboard in Resources */,
				ED3A55C61BEA1197005C899C /* Assets.xcassets in Resources */,
				ED3A55C41BEA1197005C899C /* Main.storyboard in Resources */,
			);
			runOnlyForDeploymentPostprocessing = 0;
		};
		ED3A55CD1BEA1197005C899C /* Resources */ = {
			isa = PBXResourcesBuildPhase;
			buildActionMask = 2147483647;
			files = (
			);
			runOnlyForDeploymentPostprocessing = 0;
		};
		ED3A55D81BEA1197005C899C /* Resources */ = {
			isa = PBXResourcesBuildPhase;
			buildActionMask = 2147483647;
			files = (
			);
			runOnlyForDeploymentPostprocessing = 0;
		};
/* End PBXResourcesBuildPhase section */

/* Begin PBXSourcesBuildPhase section */
		ED3A55B51BEA1197005C899C /* Sources */ = {
			isa = PBXSourcesBuildPhase;
			buildActionMask = 2147483647;
			files = (
				ED3A55C11BEA1197005C899C /* DetailViewController.swift in Sources */,
				ED3A55BF1BEA1197005C899C /* MasterViewController.swift in Sources */,
				ED3A55BD1BEA1197005C899C /* AppDelegate.swift in Sources */,
			);
			runOnlyForDeploymentPostprocessing = 0;
		};
		ED3A55CB1BEA1197005C899C /* Sources */ = {
			isa = PBXSourcesBuildPhase;
			buildActionMask = 2147483647;
			files = (
				ED3A55D41BEA1197005C899C /* TestTests.swift in Sources */,
			);
			runOnlyForDeploymentPostprocessing = 0;
		};
		ED3A55D61BEA1197005C899C /* Sources */ = {
			isa = PBXSourcesBuildPhase;
			buildActionMask = 2147483647;
			files = (
				ED3A55DF1BEA1197005C899C /* TestUITests.swift in Sources */,
			);
			runOnlyForDeploymentPostprocessing = 0;
		};
/* End PBXSourcesBuildPhase section */

/* Begin PBXTargetDependency section */
		ED3A55D11BEA1197005C899C /* PBXTargetDependency */ = {
			isa = PBXTargetDependency;
			target = ED3A55B81BEA1197005C899C /* Test */;
			targetProxy = ED3A55D01BEA1197005C899C /* PBXContainerItemProxy */;
		};
		ED3A55DC1BEA1197005C899C /* PBXTargetDependency */ = {
			isa = PBXTargetDependency;
			target = ED3A55B81BEA1197005C899C /* Test */;
			targetProxy = ED3A55DB1BEA1197005C899C /* PBXContainerItemProxy */;
		};
/* End PBXTargetDependency section */

/* Begin PBXVariantGroup section */
		ED3A55C21BEA1197005C899C /* Main.storyboard */ = {
			isa = PBXVariantGroup;
			children = (
				ED3A55C31BEA1197005C899C /* Base */,
			);
			name = Main.storyboard;
			sourceTree = "<group>";
		};
		ED3A55C71BEA1197005C899C /* LaunchScreen.storyboard */ = {
			isa = PBXVariantGroup;
			children = (
				ED3A55C81BEA1197005C899C /* Base */,
			);
			name = LaunchScreen.storyboard;
			sourceTree = "<group>";
		};
/* End PBXVariantGroup section */

/* Begin XCBuildConfiguration section */
		ED3A55E11BEA1197005C899C /* Debug */ = {
			isa = XCBuildConfiguration;
			buildSettings = {
				ALWAYS_SEARCH_USER_PATHS = NO;
				CLANG_CXX_LANGUAGE_STANDARD = "gnu++0x";
				CLANG_CXX_LIBRARY = "libc++";
				CLANG_ENABLE_MODULES = YES;
				CLANG_ENABLE_OBJC_ARC = YES;
				CLANG_WARN_BOOL_CONVERSION = YES;
				CLANG_WARN_CONSTANT_CONVERSION = YES;
				CLANG_WARN_DIRECT_OBJC_ISA_USAGE = YES_ERROR;
				CLANG_WARN_EMPTY_BODY = YES;
				CLANG_WARN_ENUM_CONVERSION = YES;
				CLANG_WARN_INT_CONVERSION = YES;
				CLANG_WARN_OBJC_ROOT_CLASS = YES_ERROR;
				CLANG_WARN_UNREACHABLE_CODE = YES;
				CLANG_WARN__DUPLICATE_METHOD_MATCH = YES;
				"CODE_SIGN_IDENTITY[sdk=iphoneos*]" = "iPhone Developer";
				COPY_PHASE_STRIP = NO;
				DEBUG_INFORMATION_FORMAT = dwarf;
				ENABLE_STRICT_OBJC_MSGSEND = YES;
				ENABLE_TESTABILITY = YES;
				GCC_C_LANGUAGE_STANDARD = gnu99;
				GCC_DYNAMIC_NO_PIC = NO;
				GCC_NO_COMMON_BLOCKS = YES;
				GCC_OPTIMIZATION_LEVEL = 0;
				GCC_PREPROCESSOR_DEFINITIONS = (
					"DEBUG=1",
					"$(inherited)",
				);
				GCC_WARN_64_TO_32_BIT_CONVERSION = YES;
				GCC_WARN_ABOUT_RETURN_TYPE = YES_ERROR;
				GCC_WARN_UNDECLARED_SELECTOR = YES;
				GCC_WARN_UNINITIALIZED_AUTOS = YES_AGGRESSIVE;
				GCC_WARN_UNUSED_FUNCTION = YES;
				GCC_WARN_UNUSED_VARIABLE = YES;
				IPHONEOS_DEPLOYMENT_TARGET = 9.1;
				MTL_ENABLE_DEBUG_INFO = YES;
				ONLY_ACTIVE_ARCH = YES;
				SDKROOT = iphoneos;
				SWIFT_OPTIMIZATION_LEVEL = "-Onone";
				TARGETED_DEVICE_FAMILY = "1,2";
			};
			name = Debug;
		};
		ED3A55E21BEA1197005C899C /* Release */ = {
			isa = XCBuildConfiguration;
			buildSettings = {
				ALWAYS_SEARCH_USER_PATHS = NO;
				CLANG_CXX_LANGUAGE_STANDARD = "gnu++0x";
				CLANG_CXX_LIBRARY = "libc++";
				CLANG_ENABLE_MODULES = YES;
				CLANG_ENABLE_OBJC_ARC = YES;
				CLANG_WARN_BOOL_CONVERSION = YES;
				CLANG_WARN_CONSTANT_CONVERSION = YES;
				CLANG_WARN_DIRECT_OBJC_ISA_USAGE = YES_ERROR;
				CLANG_WARN_EMPTY_BODY = YES;
				CLANG_WARN_ENUM_CONVERSION = YES;
				CLANG_WARN_INT_CONVERSION = YES;
				CLANG_WARN_OBJC_ROOT_CLASS = YES_ERROR;
				CLANG_WARN_UNREACHABLE_CODE = YES;
				CLANG_WARN__DUPLICATE_METHOD_MATCH = YES;
				"CODE_SIGN_IDENTITY[sdk=iphoneos*]" = "iPhone Developer";
				COPY_PHASE_STRIP = NO;
				DEBUG_INFORMATION_FORMAT = "dwarf-with-dsym";
				ENABLE_NS_ASSERTIONS = NO;
				ENABLE_STRICT_OBJC_MSGSEND = YES;
				GCC_C_LANGUAGE_STANDARD = gnu99;
				GCC_NO_COMMON_BLOCKS = YES;
				GCC_WARN_64_TO_32_BIT_CONVERSION = YES;
				GCC_WARN_ABOUT_RETURN_TYPE = YES_ERROR;
				GCC_WARN_UNDECLARED_SELECTOR = YES;
				GCC_WARN_UNINITIALIZED_AUTOS = YES_AGGRESSIVE;
				GCC_WARN_UNUSED_FUNCTION = YES;
				GCC_WARN_UNUSED_VARIABLE = YES;
				IPHONEOS_DEPLOYMENT_TARGET = 9.1;
				MTL_ENABLE_DEBUG_INFO = NO;
				SDKROOT = iphoneos;
				TARGETED_DEVICE_FAMILY = "1,2";
				VALIDATE_PRODUCT = YES;
			};
			name = Release;
		};
		ED3A55E41BEA1197005C899C /* Debug */ = {
			isa = XCBuildConfiguration;
			buildSettings = {
				ASSETCATALOG_COMPILER_APPICON_NAME = AppIcon;
				CODE_SIGN_IDENTITY = "iPhone Developer";
				INFOPLIST_FILE = Test/Info.plist;
				LD_RUNPATH_SEARCH_PATHS = "$(inherited) @executable_path/Frameworks";
				PRODUCT_BUNDLE_IDENTIFIER = t12.Test;
				PRODUCT_NAME = "$(TARGET_NAME)";
			};
			name = Debug;
		};
		ED3A55E51BEA1197005C899C /* Release */ = {
			isa = XCBuildConfiguration;
			buildSettings = {
				ASSETCATALOG_COMPILER_APPICON_NAME = AppIcon;
				CODE_SIGN_IDENTITY = "iPhone Developer";
				INFOPLIST_FILE = Test/Info.plist;
				LD_RUNPATH_SEARCH_PATHS = "$(inherited) @executable_path/Frameworks";
				PRODUCT_BUNDLE_IDENTIFIER = t12.Test;
				PRODUCT_NAME = "$(TARGET_NAME)";
			};
			name = Release;
		};
		ED3A55E71BEA1197005C899C /* Debug */ = {
			isa = XCBuildConfiguration;
			buildSettings = {
				BUNDLE_LOADER = "$(TEST_HOST)";
				INFOPLIST_FILE = TestTests/Info.plist;
				LD_RUNPATH_SEARCH_PATHS = "$(inherited) @executable_path/Frameworks @loader_path/Frameworks";
				PRODUCT_BUNDLE_IDENTIFIER = t12.TestTests;
				PRODUCT_NAME = "$(TARGET_NAME)";
				TEST_HOST = "$(BUILT_PRODUCTS_DIR)/Test.app/Test";
			};
			name = Debug;
		};
		ED3A55E81BEA1197005C899C /* Release */ = {
			isa = XCBuildConfiguration;
			buildSettings = {
				BUNDLE_LOADER = "$(TEST_HOST)";
				INFOPLIST_FILE = TestTests/Info.plist;
				LD_RUNPATH_SEARCH_PATHS = "$(inherited) @executable_path/Frameworks @loader_path/Frameworks";
				PRODUCT_BUNDLE_IDENTIFIER = t12.TestTests;
				PRODUCT_NAME = "$(TARGET_NAME)";
				TEST_HOST = "$(BUILT_PRODUCTS_DIR)/Test.app/Test";
			};
			name = Release;
		};
		ED3A55EA1BEA1197005C899C /* Debug */ = {
			isa = XCBuildConfiguration;
			buildSettings = {
				INFOPLIST_FILE = TestUITests/Info.plist;
				LD_RUNPATH_SEARCH_PATHS = "$(inherited) @executable_path/Frameworks @loader_path/Frameworks";
				PRODUCT_BUNDLE_IDENTIFIER = t12.TestUITests;
				PRODUCT_NAME = "$(TARGET_NAME)";
				TEST_TARGET_NAME = Test;
				USES_XCTRUNNER = YES;
			};
			name = Debug;
		};
		ED3A55EB1BEA1197005C899C /* Release */ = {
			isa = XCBuildConfiguration;
			buildSettings = {
				INFOPLIST_FILE = TestUITests/Info.plist;
				LD_RUNPATH_SEARCH_PATHS = "$(inherited) @executable_path/Frameworks @loader_path/Frameworks";
				PRODUCT_BUNDLE_IDENTIFIER = t12.TestUITests;
				PRODUCT_NAME = "$(TARGET_NAME)";
				TEST_TARGET_NAME = Test;
				USES_XCTRUNNER = YES;
			};
			name = Release;
		};
/* End XCBuildConfiguration section */

/* Begin XCConfigurationList section */
		ED3A55B41BEA1197005C899C /* Build configuration list for PBXProject "Test" */ = {
			isa = XCConfigurationList;
			buildConfigurations = (
				ED3A55E11BEA1197005C899C /* Debug */,
				ED3A55E21BEA1197005C899C /* Release */,
			);
			defaultConfigurationIsVisible = 0;
			defaultConfigurationName = Release;
		};
		ED3A55E31BEA1197005C899C /* Build configuration list for PBXNativeTarget "Test" */ = {
			isa = XCConfigurationList;
			buildConfigurations = (
				ED3A55E41BEA1197005C899C /* Debug */,
				ED3A55E51BEA1197005C899C /* Release */,
			);
			defaultConfigurationIsVisible = 0;
		};
		ED3A55E61BEA1197005C899C /* Build configuration list for PBXNativeTarget "TestTests" */ = {
			isa = XCConfigurationList;
			buildConfigurations = (
				ED3A55E71BEA1197005C899C /* Debug */,
				ED3A55E81BEA1197005C899C /* Release */,
			);
			defaultConfigurationIsVisible = 0;
		};
		ED3A55E91BEA1197005C899C /* Build configuration list for PBXNativeTarget "TestUITests" */ = {
			isa = XCConfigurationList;
			buildConfigurations = (
				ED3A55EA1BEA1197005C899C /* Debug */,
				ED3A55EB1BEA1197005C899C /* Release */,
			);
			defaultConfigurationIsVisible = 0;
		};
/* End XCConfigurationList section */
	};
	rootObject = ED3A55B11BEA1197005C899C /* Project object */;
}
